// !$*UTF8*$!
{
	archiveVersion = 1;
	classes = {
	};
	objectVersion = 46;
	objects = {

/* Begin PBXBuildFile section */
		653C281D1B8B0D5A005EAE6F /* util.cc in Sources */ = {isa = PBXBuildFile; fileRef = 653C28051B8B0D39005EAE6F /* util.cc */; };
		653C281E1B8B0D5A005EAE6F /* log.cc in Sources */ = {isa = PBXBuildFile; fileRef = 653C28061B8B0D39005EAE6F /* log.cc */; };
		653C281F1B8B0D5A005EAE6F /* xcode.cc in Sources */ = {isa = PBXBuildFile; fileRef = 653C28071B8B0D39005EAE6F /* xcode.cc */; };
		653C28201B8B0D5A005EAE6F /* project_parser.cc in Sources */ = {isa = PBXBuildFile; fileRef = 653C28091B8B0D39005EAE6F /* project_parser.cc */; };
		653C28211B8B0D5A005EAE6F /* project.cc in Sources */ = {isa = PBXBuildFile; fileRef = 653C280B1B8B0D39005EAE6F /* project.cc */; };
		657BE3CA1B926EE8001DDC9B /* filesystem.h in Headers */ = {isa = PBXBuildFile; fileRef = 657BE3C61B926EE8001DDC9B /* filesystem.h */; };
		657BE3CB1B926EE8001DDC9B /* filesystem.cc in Sources */ = {isa = PBXBuildFile; fileRef = 657BE3C71B926EE8001DDC9B /* filesystem.cc */; };
		657BE3CC1B926EE8001DDC9B /* project_xcode.cc in Sources */ = {isa = PBXBuildFile; fileRef = 657BE3C81B926EE8001DDC9B /* project_xcode.cc */; };
		657BE3CD1B926EE8001DDC9B /* project_xcode.h in Headers */ = {isa = PBXBuildFile; fileRef = 657BE3C91B926EE8001DDC9B /* project_xcode.h */; };
/* End PBXBuildFile section */

/* Begin PBXFileReference section */
		653C28051B8B0D39005EAE6F /* util.cc */ = {isa = PBXFileReference; fileEncoding = 4; lastKnownFileType = sourcecode.cpp.cpp; name = util.cc; path = ../sushi/util.cc; sourceTree = "<group>"; };
		653C28061B8B0D39005EAE6F /* log.cc */ = {isa = PBXFileReference; fileEncoding = 4; lastKnownFileType = sourcecode.cpp.cpp; name = log.cc; path = ../sushi/log.cc; sourceTree = "<group>"; };
		653C28071B8B0D39005EAE6F /* xcode.cc */ = {isa = PBXFileReference; fileEncoding = 4; lastKnownFileType = sourcecode.cpp.cpp; name = xcode.cc; path = ../sushi/xcode.cc; sourceTree = "<group>"; };
		653C28081B8B0D39005EAE6F /* xcode.h */ = {isa = PBXFileReference; fileEncoding = 4; lastKnownFileType = sourcecode.c.h; name = xcode.h; path = ../sushi/xcode.h; sourceTree = "<group>"; };
		653C28091B8B0D39005EAE6F /* project_parser.cc */ = {isa = PBXFileReference; fileEncoding = 4; lastKnownFileType = sourcecode.cpp.cpp; name = project_parser.cc; path = ../sushi/project_parser.cc; sourceTree = "<group>"; };
		653C280A1B8B0D39005EAE6F /* project_parser.rl */ = {isa = PBXFileReference; fileEncoding = 4; lastKnownFileType = text; name = project_parser.rl; path = ../sushi/project_parser.rl; sourceTree = "<group>"; };
		653C280B1B8B0D39005EAE6F /* project.cc */ = {isa = PBXFileReference; fileEncoding = 4; lastKnownFileType = sourcecode.cpp.cpp; name = project.cc; path = ../sushi/project.cc; sourceTree = "<group>"; };
		653C280C1B8B0D39005EAE6F /* project.h */ = {isa = PBXFileReference; fileEncoding = 4; lastKnownFileType = sourcecode.c.h; name = project.h; path = ../sushi/project.h; sourceTree = "<group>"; };
		653C280D1B8B0D39005EAE6F /* util.h */ = {isa = PBXFileReference; fileEncoding = 4; lastKnownFileType = sourcecode.c.h; name = util.h; path = ../sushi/util.h; sourceTree = "<group>"; };
		653C280E1B8B0D39005EAE6F /* project_parser.h */ = {isa = PBXFileReference; fileEncoding = 4; lastKnownFileType = sourcecode.c.h; name = project_parser.h; path = ../sushi/project_parser.h; sourceTree = "<group>"; };
		653C280F1B8B0D39005EAE6F /* log.h */ = {isa = PBXFileReference; fileEncoding = 4; lastKnownFileType = sourcecode.c.h; name = log.h; path = ../sushi/log.h; sourceTree = "<group>"; };
		653C28191B8B0D4A005EAE6F /* libsushi.a */ = {isa = PBXFileReference; explicitFileType = archive.ar; includeInIndex = 0; path = libsushi.a; sourceTree = BUILT_PRODUCTS_DIR; };
		657BE3C61B926EE8001DDC9B /* filesystem.h */ = {isa = PBXFileReference; fileEncoding = 4; lastKnownFileType = sourcecode.c.h; name = filesystem.h; path = ../sushi/filesystem.h; sourceTree = "<group>"; };
		657BE3C71B926EE8001DDC9B /* filesystem.cc */ = {isa = PBXFileReference; fileEncoding = 4; lastKnownFileType = sourcecode.cpp.cpp; name = filesystem.cc; path = ../sushi/filesystem.cc; sourceTree = "<group>"; };
		657BE3C81B926EE8001DDC9B /* project_xcode.cc */ = {isa = PBXFileReference; fileEncoding = 4; lastKnownFileType = sourcecode.cpp.cpp; name = project_xcode.cc; path = ../sushi/project_xcode.cc; sourceTree = "<group>"; };
		657BE3C91B926EE8001DDC9B /* project_xcode.h */ = {isa = PBXFileReference; fileEncoding = 4; lastKnownFileType = sourcecode.c.h; name = project_xcode.h; path = ../sushi/project_xcode.h; sourceTree = "<group>"; };
/* End PBXFileReference section */

/* Begin PBXFrameworksBuildPhase section */
		653C28161B8B0D4A005EAE6F /* Frameworks */ = {
			isa = PBXFrameworksBuildPhase;
			buildActionMask = 2147483647;
			files = (
			);
			runOnlyForDeploymentPostprocessing = 0;
		};
/* End PBXFrameworksBuildPhase section */

/* Begin PBXGroup section */
		653C27E01B8B0CFA005EAE6F = {
			isa = PBXGroup;
			children = (
				653C28041B8B0D25005EAE6F /* sushi */,
				653C27EA1B8B0CFA005EAE6F /* Products */,
			);
			sourceTree = "<group>";
		};
		653C27EA1B8B0CFA005EAE6F /* Products */ = {
			isa = PBXGroup;
			children = (
				653C28191B8B0D4A005EAE6F /* libsushi.a */,
			);
			name = Products;
			sourceTree = "<group>";
		};
		653C28041B8B0D25005EAE6F /* sushi */ = {
			isa = PBXGroup;
			children = (
				657BE3C71B926EE8001DDC9B /* filesystem.cc */,
				657BE3C61B926EE8001DDC9B /* filesystem.h */,
				653C28061B8B0D39005EAE6F /* log.cc */,
				653C280F1B8B0D39005EAE6F /* log.h */,
				653C28091B8B0D39005EAE6F /* project_parser.cc */,
				653C280E1B8B0D39005EAE6F /* project_parser.h */,
				653C280A1B8B0D39005EAE6F /* project_parser.rl */,
				657BE3C81B926EE8001DDC9B /* project_xcode.cc */,
				657BE3C91B926EE8001DDC9B /* project_xcode.h */,
				653C280B1B8B0D39005EAE6F /* project.cc */,
				653C280C1B8B0D39005EAE6F /* project.h */,
				653C28051B8B0D39005EAE6F /* util.cc */,
				653C280D1B8B0D39005EAE6F /* util.h */,
				653C28071B8B0D39005EAE6F /* xcode.cc */,
				653C28081B8B0D39005EAE6F /* xcode.h */,
			);
			name = sushi;
			sourceTree = "<group>";
		};
/* End PBXGroup section */

/* Begin PBXHeadersBuildPhase section */
		653C28171B8B0D4A005EAE6F /* Headers */ = {
			isa = PBXHeadersBuildPhase;
			buildActionMask = 2147483647;
			files = (
				657BE3CD1B926EE8001DDC9B /* project_xcode.h in Headers */,
				657BE3CA1B926EE8001DDC9B /* filesystem.h in Headers */,
			);
			runOnlyForDeploymentPostprocessing = 0;
		};
/* End PBXHeadersBuildPhase section */

/* Begin PBXNativeTarget section */
		653C28181B8B0D4A005EAE6F /* sushi */ = {
			isa = PBXNativeTarget;
			buildConfigurationList = 653C281A1B8B0D4A005EAE6F /* Build configuration list for PBXNativeTarget "sushi" */;
			buildPhases = (
				653C28151B8B0D4A005EAE6F /* Sources */,
				653C28161B8B0D4A005EAE6F /* Frameworks */,
				653C28171B8B0D4A005EAE6F /* Headers */,
			);
			buildRules = (
			);
			dependencies = (
			);
			name = sushi;
			productName = sushi;
			productReference = 653C28191B8B0D4A005EAE6F /* libsushi.a */;
			productType = "com.apple.product-type.library.static";
		};
/* End PBXNativeTarget section */

/* Begin PBXProject section */
		653C27E11B8B0CFA005EAE6F /* Project object */ = {
			isa = PBXProject;
			attributes = {
				LastUpgradeCheck = 0640;
				ORGANIZATIONNAME = "Michael Clark";
				TargetAttributes = {
					653C28181B8B0D4A005EAE6F = {
						CreatedOnToolsVersion = 6.4;
					};
				};
			};
			buildConfigurationList = 653C27E41B8B0CFA005EAE6F /* Build configuration list for PBXProject "sushi" */;
			compatibilityVersion = "Xcode 3.2";
			developmentRegion = English;
			hasScannedForEncodings = 0;
			knownRegions = (
				en,
			);
			mainGroup = 653C27E01B8B0CFA005EAE6F;
			productRefGroup = 653C27EA1B8B0CFA005EAE6F /* Products */;
			projectDirPath = "";
			projectRoot = "";
			targets = (
				653C28181B8B0D4A005EAE6F /* sushi */,
			);
		};
/* End PBXProject section */

/* Begin PBXSourcesBuildPhase section */
		653C28151B8B0D4A005EAE6F /* Sources */ = {
			isa = PBXSourcesBuildPhase;
			buildActionMask = 2147483647;
			files = (
				653C28201B8B0D5A005EAE6F /* project_parser.cc in Sources */,
				653C281E1B8B0D5A005EAE6F /* log.cc in Sources */,
				653C28211B8B0D5A005EAE6F /* project.cc in Sources */,
				653C281F1B8B0D5A005EAE6F /* xcode.cc in Sources */,
				657BE3CC1B926EE8001DDC9B /* project_xcode.cc in Sources */,
				657BE3CB1B926EE8001DDC9B /* filesystem.cc in Sources */,
				653C281D1B8B0D5A005EAE6F /* util.cc in Sources */,
			);
			runOnlyForDeploymentPostprocessing = 0;
		};
/* End PBXSourcesBuildPhase section */

/* Begin XCBuildConfiguration section */
		653C27EE1B8B0CFA005EAE6F /* Debug */ = {
			isa = XCBuildConfiguration;
			buildSettings = {
				ALWAYS_SEARCH_USER_PATHS = NO;
				CLANG_CXX_LANGUAGE_STANDARD = "gnu++0x";
				CLANG_CXX_LIBRARY = "libc++";
				CLANG_ENABLE_MODULES = YES;
				CLANG_ENABLE_OBJC_ARC = YES;
				CLANG_WARN_BOOL_CONVERSION = YES;
				CLANG_WARN_CONSTANT_CONVERSION = YES;
				CLANG_WARN_DIRECT_OBJC_ISA_USAGE = YES_ERROR;
				CLANG_WARN_EMPTY_BODY = YES;
				CLANG_WARN_ENUM_CONVERSION = YES;
				CLANG_WARN_INT_CONVERSION = YES;
				CLANG_WARN_OBJC_ROOT_CLASS = YES_ERROR;
				CLANG_WARN_UNREACHABLE_CODE = YES;
				CLANG_WARN__DUPLICATE_METHOD_MATCH = YES;
				COPY_PHASE_STRIP = NO;
				DEBUG_INFORMATION_FORMAT = dwarf;
				ENABLE_STRICT_OBJC_MSGSEND = YES;
				GCC_C_LANGUAGE_STANDARD = gnu99;
				GCC_DYNAMIC_NO_PIC = NO;
				GCC_NO_COMMON_BLOCKS = YES;
				GCC_OPTIMIZATION_LEVEL = 0;
				GCC_PREPROCESSOR_DEFINITIONS = (
					"DEBUG=1",
					"$(inherited)",
				);
				GCC_SYMBOLS_PRIVATE_EXTERN = NO;
				GCC_WARN_64_TO_32_BIT_CONVERSION = YES;
				GCC_WARN_ABOUT_RETURN_TYPE = YES_ERROR;
				GCC_WARN_UNDECLARED_SELECTOR = YES;
				GCC_WARN_UNINITIALIZED_AUTOS = YES_AGGRESSIVE;
				GCC_WARN_UNUSED_FUNCTION = YES;
				GCC_WARN_UNUSED_VARIABLE = YES;
				MACOSX_DEPLOYMENT_TARGET = 10.10;
				MTL_ENABLE_DEBUG_INFO = YES;
				ONLY_ACTIVE_ARCH = YES;
				SDKROOT = macosx;
			};
			name = Debug;
		};
		653C27EF1B8B0CFA005EAE6F /* Release */ = {
			isa = XCBuildConfiguration;
			buildSettings = {
				ALWAYS_SEARCH_USER_PATHS = NO;
				CLANG_CXX_LANGUAGE_STANDARD = "gnu++0x";
				CLANG_CXX_LIBRARY = "libc++";
				CLANG_ENABLE_MODULES = YES;
				CLANG_ENABLE_OBJC_ARC = YES;
				CLANG_WARN_BOOL_CONVERSION = YES;
				CLANG_WARN_CONSTANT_CONVERSION = YES;
				CLANG_WARN_DIRECT_OBJC_ISA_USAGE = YES_ERROR;
				CLANG_WARN_EMPTY_BODY = YES;
				CLANG_WARN_ENUM_CONVERSION = YES;
				CLANG_WARN_INT_CONVERSION = YES;
				CLANG_WARN_OBJC_ROOT_CLASS = YES_ERROR;
				CLANG_WARN_UNREACHABLE_CODE = YES;
				CLANG_WARN__DUPLICATE_METHOD_MATCH = YES;
				COPY_PHASE_STRIP = NO;
				DEBUG_INFORMATION_FORMAT = "dwarf-with-dsym";
				ENABLE_NS_ASSERTIONS = NO;
				ENABLE_STRICT_OBJC_MSGSEND = YES;
				GCC_C_LANGUAGE_STANDARD = gnu99;
				GCC_NO_COMMON_BLOCKS = YES;
				GCC_WARN_64_TO_32_BIT_CONVERSION = YES;
				GCC_WARN_ABOUT_RETURN_TYPE = YES_ERROR;
				GCC_WARN_UNDECLARED_SELECTOR = YES;
				GCC_WARN_UNINITIALIZED_AUTOS = YES_AGGRESSIVE;
				GCC_WARN_UNUSED_FUNCTION = YES;
				GCC_WARN_UNUSED_VARIABLE = YES;
				MACOSX_DEPLOYMENT_TARGET = 10.10;
				MTL_ENABLE_DEBUG_INFO = NO;
				SDKROOT = macosx;
			};
			name = Release;
		};
		653C281B1B8B0D4A005EAE6F /* Debug */ = {
			isa = XCBuildConfiguration;
			buildSettings = {
				EXECUTABLE_PREFIX = lib;
				GCC_PREPROCESSOR_DEFINITIONS = (
					"DEBUG=1",
					"$(inherited)",
				);
				PRODUCT_NAME = "$(TARGET_NAME)";
			};
			name = Debug;
		};
		653C281C1B8B0D4A005EAE6F /* Release */ = {
			isa = XCBuildConfiguration;
			buildSettings = {
				EXECUTABLE_PREFIX = lib;
				PRODUCT_NAME = "$(TARGET_NAME)";
			};
			name = Release;
		};
/* End XCBuildConfiguration section */

/* Begin XCConfigurationList section */
		653C27E41B8B0CFA005EAE6F /* Build configuration list for PBXProject "sushi" */ = {
			isa = XCConfigurationList;
			buildConfigurations = (
				653C27EE1B8B0CFA005EAE6F /* Debug */,
				653C27EF1B8B0CFA005EAE6F /* Release */,
			);
			defaultConfigurationIsVisible = 0;
			defaultConfigurationName = Release;
		};
		653C281A1B8B0D4A005EAE6F /* Build configuration list for PBXNativeTarget "sushi" */ = {
			isa = XCConfigurationList;
			buildConfigurations = (
				653C281B1B8B0D4A005EAE6F /* Debug */,
				653C281C1B8B0D4A005EAE6F /* Release */,
			);
			defaultConfigurationIsVisible = 0;
			defaultConfigurationName = Release;
		};
/* End XCConfigurationList section */
	};
	rootObject = 653C27E11B8B0CFA005EAE6F /* Project object */;
}
