// !$*UTF8*$!
{
	archiveVersion = 1;
	classes = {
	};
	objectVersion = 46;
	objects = {

/* Begin PBXBuildFile section */
		0F000000650344B25E51AA0D /* main.cpp in Sources */ = {isa = PBXBuildFile; fileRef = 0E000000650344B25E51AA0D /* main.cpp */; };
		657F6FDD1B87DDF2000A571E /* lib.cpp in Sources */ = {isa = PBXBuildFile; fileRef = 657F6FDA1B87DD0B000A571E /* lib.cpp */; };
		657F6FDE1B87DDFF000A571E /* libstatic.a in Frameworks */ = {isa = PBXBuildFile; fileRef = 657F6FD61B87DCE7000A571E /* libstatic.a */; };
/* End PBXBuildFile section */

/* Begin PBXContainerItemProxy section */
		657F6FDF1B87DF1F000A571E /* PBXContainerItemProxy */ = {
			isa = PBXContainerItemProxy;
			containerPortal = 01000000650344B25E51AA0D /* Project object */;
			proxyType = 1;
			remoteGlobalIDString = 657F6FD51B87DCE7000A571E;
			remoteInfo = static;
		};
/* End PBXContainerItemProxy section */

/* Begin PBXCopyFilesBuildPhase section */
		0C000000650344B25E51AA0D /* CopyFiles */ = {
			isa = PBXCopyFilesBuildPhase;
			buildActionMask = 2147483647;
			dstPath = /usr/share/man/man1/;
			dstSubfolderSpec = 0;
			files = (
			);
			runOnlyForDeploymentPostprocessing = 1;
		};
/* End PBXCopyFilesBuildPhase section */

/* Begin PBXFileReference section */
		0E000000650344B25E51AA0D /* main.cpp */ = {isa = PBXFileReference; lastKnownFileType = sourcecode.cpp.cpp; path = main.cpp; sourceTree = "<group>"; };
		657F6FC91B87DCB9000A571E /* simple */ = {isa = PBXFileReference; explicitFileType = "compiled.mach-o.executable"; includeInIndex = 0; path = simple; sourceTree = BUILT_PRODUCTS_DIR; };
		657F6FD61B87DCE7000A571E /* libstatic.a */ = {isa = PBXFileReference; explicitFileType = archive.ar; includeInIndex = 0; path = libstatic.a; sourceTree = BUILT_PRODUCTS_DIR; };
		657F6FDA1B87DD0B000A571E /* lib.cpp */ = {isa = PBXFileReference; fileEncoding = 4; lastKnownFileType = sourcecode.cpp.cpp; path = lib.cpp; sourceTree = "<group>"; };
		657F6FDB1B87DD0B000A571E /* lib.h */ = {isa = PBXFileReference; fileEncoding = 4; lastKnownFileType = sourcecode.c.h; path = lib.h; sourceTree = "<group>"; };
/* End PBXFileReference section */

/* Begin PBXFrameworksBuildPhase section */
		0B000000650344B25E51AA0D /* Frameworks */ = {
			isa = PBXFrameworksBuildPhase;
			buildActionMask = 2147483647;
			files = (
				657F6FDE1B87DDFF000A571E /* libstatic.a in Frameworks */,
			);
			runOnlyForDeploymentPostprocessing = 0;
		};
		657F6FD31B87DCE7000A571E /* Frameworks */ = {
			isa = PBXFrameworksBuildPhase;
			buildActionMask = 2147483647;
			files = (
			);
			runOnlyForDeploymentPostprocessing = 0;
		};
/* End PBXFrameworksBuildPhase section */

/* Begin PBXGroup section */
		05000000650344B25E51AA0D = {
			isa = PBXGroup;
			children = (
				06000000650344B25E51AA0D /* Products */,
				0D000000650344B25E51AA0D /* simple */,
			);
			sourceTree = "<group>";
		};
		06000000650344B25E51AA0D /* Products */ = {
			isa = PBXGroup;
			children = (
				657F6FC91B87DCB9000A571E /* simple */,
				657F6FD61B87DCE7000A571E /* libstatic.a */,
			);
			name = Products;
			sourceTree = "<group>";
		};
		0D000000650344B25E51AA0D /* simple */ = {
			isa = PBXGroup;
			children = (
				0E000000650344B25E51AA0D /* main.cpp */,
				657F6FDA1B87DD0B000A571E /* lib.cpp */,
				657F6FDB1B87DD0B000A571E /* lib.h */,
			);
			path = simple;
			sourceTree = "<group>";
		};
/* End PBXGroup section */

/* Begin PBXHeadersBuildPhase section */
		657F6FD41B87DCE7000A571E /* Headers */ = {
			isa = PBXHeadersBuildPhase;
			buildActionMask = 2147483647;
			files = (
			);
			runOnlyForDeploymentPostprocessing = 0;
		};
/* End PBXHeadersBuildPhase section */

/* Begin PBXNativeTarget section */
		11000000650344B25E51AA0D /* simple */ = {
			isa = PBXNativeTarget;
			buildConfigurationList = 07000000650344B25E51AA0D /* Build configuration list for PBXNativeTarget "simple" */;
			buildPhases = (
				0A000000650344B25E51AA0D /* Sources */,
				0B000000650344B25E51AA0D /* Frameworks */,
				0C000000650344B25E51AA0D /* CopyFiles */,
			);
			buildRules = (
			);
			dependencies = (
				657F6FE01B87DF1F000A571E /* PBXTargetDependency */,
			);
			name = simple;
			productName = simple;
			productReference = 657F6FC91B87DCB9000A571E /* simple */;
			productType = "com.apple.product-type.tool";
		};
		657F6FD51B87DCE7000A571E /* static */ = {
			isa = PBXNativeTarget;
			buildConfigurationList = 657F6FD71B87DCE7000A571E /* Build configuration list for PBXNativeTarget "static" */;
			buildPhases = (
				657F6FD21B87DCE7000A571E /* Sources */,
				657F6FD31B87DCE7000A571E /* Frameworks */,
				657F6FD41B87DCE7000A571E /* Headers */,
			);
			buildRules = (
			);
			dependencies = (
			);
			name = static;
			productName = static;
			productReference = 657F6FD61B87DCE7000A571E /* libstatic.a */;
			productType = "com.apple.product-type.library.static";
		};
/* End PBXNativeTarget section */

/* Begin PBXProject section */
		01000000650344B25E51AA0D /* Project object */ = {
			isa = PBXProject;
			attributes = {
				TargetAttributes = {
					657F6FD51B87DCE7000A571E = {
						CreatedOnToolsVersion = 6.4;
					};
				};
			};
			buildConfigurationList = 02000000650344B25E51AA0D /* Build configuration list for PBXProject "simple" */;
			compatibilityVersion = "Xcode 3.2";
			developmentRegion = English;
			hasScannedForEncodings = 0;
			knownRegions = (
				en,
			);
			mainGroup = 05000000650344B25E51AA0D;
			productRefGroup = 06000000650344B25E51AA0D /* Products */;
			projectDirPath = "";
			projectRoot = "";
			targets = (
				11000000650344B25E51AA0D /* simple */,
				657F6FD51B87DCE7000A571E /* static */,
			);
		};
/* End PBXProject section */

/* Begin PBXSourcesBuildPhase section */
		0A000000650344B25E51AA0D /* Sources */ = {
			isa = PBXSourcesBuildPhase;
			buildActionMask = 2147483647;
			files = (
				0F000000650344B25E51AA0D /* main.cpp in Sources */,
			);
			runOnlyForDeploymentPostprocessing = 0;
		};
		657F6FD21B87DCE7000A571E /* Sources */ = {
			isa = PBXSourcesBuildPhase;
			buildActionMask = 2147483647;
			files = (
				657F6FDD1B87DDF2000A571E /* lib.cpp in Sources */,
			);
			runOnlyForDeploymentPostprocessing = 0;
		};
/* End PBXSourcesBuildPhase section */

/* Begin PBXTargetDependency section */
		657F6FE01B87DF1F000A571E /* PBXTargetDependency */ = {
			isa = PBXTargetDependency;
			target = 657F6FD51B87DCE7000A571E /* static */;
			targetProxy = 657F6FDF1B87DF1F000A571E /* PBXContainerItemProxy */;
		};
/* End PBXTargetDependency section */

/* Begin XCBuildConfiguration section */
		03000000650344B25E51AA0D /* Debug */ = {
			isa = XCBuildConfiguration;
			buildSettings = {
				MACOSX_DEPLOYMENT_TARGET = 10.10;
				SDKROOT = macosx;
			};
			name = Debug;
		};
		04000000650344B25E51AA0D /* Release */ = {
			isa = XCBuildConfiguration;
			buildSettings = {
				MACOSX_DEPLOYMENT_TARGET = 10.10;
				SDKROOT = macosx;
			};
			name = Release;
		};
		08000000650344B25E51AA0D /* Debug */ = {
			isa = XCBuildConfiguration;
			buildSettings = {
				PRODUCT_NAME = "$(TARGET_NAME)";
			};
			name = Debug;
		};
		09000000650344B25E51AA0D /* Release */ = {
			isa = XCBuildConfiguration;
			buildSettings = {
				PRODUCT_NAME = "$(TARGET_NAME)";
			};
			name = Release;
		};
		657F6FD81B87DCE7000A571E /* Debug */ = {
			isa = XCBuildConfiguration;
			buildSettings = {
				ALWAYS_SEARCH_USER_PATHS = NO;
				CLANG_CXX_LANGUAGE_STANDARD = "gnu++0x";
				CLANG_CXX_LIBRARY = "libc++";
				CLANG_ENABLE_MODULES = YES;
				CLANG_ENABLE_OBJC_ARC = YES;
				CLANG_WARN_BOOL_CONVERSION = YES;
				CLANG_WARN_CONSTANT_CONVERSION = YES;
				CLANG_WARN_DIRECT_OBJC_ISA_USAGE = YES_ERROR;
				CLANG_WARN_EMPTY_BODY = YES;
				CLANG_WARN_ENUM_CONVERSION = YES;
				CLANG_WARN_INT_CONVERSION = YES;
				CLANG_WARN_OBJC_ROOT_CLASS = YES_ERROR;
				CLANG_WARN_UNREACHABLE_CODE = YES;
				CLANG_WARN__DUPLICATE_METHOD_MATCH = YES;
				COPY_PHASE_STRIP = NO;
				DEBUG_INFORMATION_FORMAT = dwarf;
				ENABLE_STRICT_OBJC_MSGSEND = YES;
				EXECUTABLE_PREFIX = lib;
				GCC_C_LANGUAGE_STANDARD = gnu99;
				GCC_DYNAMIC_NO_PIC = NO;
				GCC_NO_COMMON_BLOCKS = YES;
				GCC_OPTIMIZATION_LEVEL = 0;
				GCC_PREPROCESSOR_DEFINITIONS = (
					"DEBUG=1",
					"$(inherited)",
				);
				GCC_SYMBOLS_PRIVATE_EXTERN = NO;
				GCC_WARN_64_TO_32_BIT_CONVERSION = YES;
				GCC_WARN_ABOUT_RETURN_TYPE = YES_ERROR;
				GCC_WARN_UNDECLARED_SELECTOR = YES;
				GCC_WARN_UNINITIALIZED_AUTOS = YES_AGGRESSIVE;
				GCC_WARN_UNUSED_FUNCTION = YES;
				GCC_WARN_UNUSED_VARIABLE = YES;
				MTL_ENABLE_DEBUG_INFO = YES;
				ONLY_ACTIVE_ARCH = YES;
				PRODUCT_NAME = "$(TARGET_NAME)";
			};
			name = Debug;
		};
		657F6FD91B87DCE7000A571E /* Release */ = {
			isa = XCBuildConfiguration;
			buildSettings = {
				ALWAYS_SEARCH_USER_PATHS = NO;
				CLANG_CXX_LANGUAGE_STANDARD = "gnu++0x";
				CLANG_CXX_LIBRARY = "libc++";
				CLANG_ENABLE_MODULES = YES;
				CLANG_ENABLE_OBJC_ARC = YES;
				CLANG_WARN_BOOL_CONVERSION = YES;
				CLANG_WARN_CONSTANT_CONVERSION = YES;
				CLANG_WARN_DIRECT_OBJC_ISA_USAGE = YES_ERROR;
				CLANG_WARN_EMPTY_BODY = YES;
				CLANG_WARN_ENUM_CONVERSION = YES;
				CLANG_WARN_INT_CONVERSION = YES;
				CLANG_WARN_OBJC_ROOT_CLASS = YES_ERROR;
				CLANG_WARN_UNREACHABLE_CODE = YES;
				CLANG_WARN__DUPLICATE_METHOD_MATCH = YES;
				COPY_PHASE_STRIP = NO;
				DEBUG_INFORMATION_FORMAT = "dwarf-with-dsym";
				ENABLE_NS_ASSERTIONS = NO;
				ENABLE_STRICT_OBJC_MSGSEND = YES;
				EXECUTABLE_PREFIX = lib;
				GCC_C_LANGUAGE_STANDARD = gnu99;
				GCC_NO_COMMON_BLOCKS = YES;
				GCC_WARN_64_TO_32_BIT_CONVERSION = YES;
				GCC_WARN_ABOUT_RETURN_TYPE = YES_ERROR;
				GCC_WARN_UNDECLARED_SELECTOR = YES;
				GCC_WARN_UNINITIALIZED_AUTOS = YES_AGGRESSIVE;
				GCC_WARN_UNUSED_FUNCTION = YES;
				GCC_WARN_UNUSED_VARIABLE = YES;
				MTL_ENABLE_DEBUG_INFO = NO;
				PRODUCT_NAME = "$(TARGET_NAME)";
			};
			name = Release;
		};
/* End XCBuildConfiguration section */

/* Begin XCConfigurationList section */
		02000000650344B25E51AA0D /* Build configuration list for PBXProject "simple" */ = {
			isa = XCConfigurationList;
			buildConfigurations = (
				03000000650344B25E51AA0D /* Debug */,
				04000000650344B25E51AA0D /* Release */,
			);
			defaultConfigurationIsVisible = 0;
			defaultConfigurationName = Release;
		};
		07000000650344B25E51AA0D /* Build configuration list for PBXNativeTarget "simple" */ = {
			isa = XCConfigurationList;
			buildConfigurations = (
				08000000650344B25E51AA0D /* Debug */,
				09000000650344B25E51AA0D /* Release */,
			);
			defaultConfigurationIsVisible = 0;
			defaultConfigurationName = Release;
		};
		657F6FD71B87DCE7000A571E /* Build configuration list for PBXNativeTarget "static" */ = {
			isa = XCConfigurationList;
			buildConfigurations = (
				657F6FD81B87DCE7000A571E /* Debug */,
				657F6FD91B87DCE7000A571E /* Release */,
			);
			defaultConfigurationIsVisible = 0;
		};
/* End XCConfigurationList section */
	};
	rootObject = 01000000650344B25E51AA0D /* Project object */;
}
