// !$*UTF8*$!
{
	archiveVersion = 1;
	classes = {
	};
	objectVersion = 46;
	objects = {
		0100000014288087E7A2262F /* Project Object */ = {
			isa = PBXProject;
			attributes = {
			};
			buildConfigurationList = 0200000014288087E7A2262F /* Build configuration list for PBXProject "sushi" */;
			compatibilityVersion = "Xcode 3.2";
			developmentRegion = English;
			hasScannedForEncodings = 2097744443;
			knownRegions = (
				en,
			);
			mainGroup = 0500000014288087E7A2262F;
			productRefGroup = 0600000014288087E7A2262F /* Products */;
			projectDirPath = "";
			projectReferences = (
			);
			projectRoot = "";
			targets = (
				2700000014288087E7A2262F /* sushi */,
				3200000014288087E7A2262F /* tinyxml2 */,
				3E00000014288087E7A2262F /* maki */,
				4900000014288087E7A2262F /* pbx_create */,
				5400000014288087E7A2262F /* pbx_read */,
			);
		};
		0200000014288087E7A2262F /* Build configuration list for PBXProject "sushi" */ = {
			isa = XCConfigurationList;
			buildConfigurations = (
				0300000014288087E7A2262F /* Debug */,
				0400000014288087E7A2262F /* Release */,
			);
			defaultConfigurationIsVisible = 0;
			defaultConfigurationName = Release;
		};
		0300000014288087E7A2262F /* Debug */ = {
			isa = XCBuildConfiguration;
			buildSettings = {
				CLANG_CXX_LANGUAGE_STANDARD = "gnu++0x";
				GCC_C_LANGUAGE_STANDARD = gnu11;
				MACOSX_DEPLOYMENT_TARGET = 10.10;
				SDKROOT = macosx;
			};
			name = Debug;
		};
		0400000014288087E7A2262F /* Release */ = {
			isa = XCBuildConfiguration;
			buildSettings = {
				CLANG_CXX_LANGUAGE_STANDARD = "gnu++0x";
				GCC_C_LANGUAGE_STANDARD = gnu11;
				MACOSX_DEPLOYMENT_TARGET = 10.10;
				SDKROOT = macosx;
			};
			name = Release;
		};
		0500000014288087E7A2262F = {
			isa = PBXGroup;
			children = (
				0600000014288087E7A2262F /* Products */,
				3A00000014288087E7A2262F /* app */,
				0C00000014288087E7A2262F /* sushi */,
				2D00000014288087E7A2262F /* tinyxml2 */,
			);
			sourceTree = "<group>";
		};
		0600000014288087E7A2262F /* Products */ = {
			isa = PBXGroup;
			children = (
				2600000014288087E7A2262F /* libsushi.a */,
				3100000014288087E7A2262F /* libtinyxml2.a */,
				3D00000014288087E7A2262F /* maki */,
				4800000014288087E7A2262F /* pbx_create */,
				5300000014288087E7A2262F /* pbx_read */,
			);
			name = Products;
			sourceTree = "<group>";
		};
		0700000014288087E7A2262F /* Build configuration list for PBXNativeTarget "sushi" */ = {
			isa = XCConfigurationList;
			buildConfigurations = (
				0800000014288087E7A2262F /* Debug */,
				0900000014288087E7A2262F /* Release */,
			);
			defaultConfigurationIsVisible = 0;
			defaultConfigurationName = Release;
		};
		0800000014288087E7A2262F /* Debug */ = {
			isa = XCBuildConfiguration;
			buildSettings = {
				PRODUCT_NAME = "$(TARGET_NAME)";
			};
			name = Debug;
		};
		0900000014288087E7A2262F /* Release */ = {
			isa = XCBuildConfiguration;
			buildSettings = {
				PRODUCT_NAME = "$(TARGET_NAME)";
			};
			name = Release;
		};
		0A00000014288087E7A2262F /* Frameworks */ = {
			isa = PBXFrameworksBuildPhase;
			buildActionMask = 2147483647;
			files = (
			);
			runOnlyForDeploymentPostprocessing = 0;
		};
		0B00000014288087E7A2262F /* Sources */ = {
			isa = PBXSourcesBuildPhase;
			buildActionMask = 2147483647;
			files = (
				0E00000014288087E7A2262F /* cmdline_options.cc in Sources */,
				1100000014288087E7A2262F /* filesystem.cc in Sources */,
				1400000014288087E7A2262F /* log.cc in Sources */,
				1700000014288087E7A2262F /* project.cc in Sources */,
				1A00000014288087E7A2262F /* project_parser.cc in Sources */,
				1E00000014288087E7A2262F /* project_xcode.cc in Sources */,
				2100000014288087E7A2262F /* util.cc in Sources */,
				2400000014288087E7A2262F /* xcode.cc in Sources */,
			);
			runOnlyForDeploymentPostprocessing = 0;
		};
		0C00000014288087E7A2262F /* sushi */ = {
			isa = PBXGroup;
			children = (
				0D00000014288087E7A2262F /* cmdline_options.cc */,
				0F00000014288087E7A2262F /* cmdline_options.h */,
				1000000014288087E7A2262F /* filesystem.cc */,
				1200000014288087E7A2262F /* filesystem.h */,
				1300000014288087E7A2262F /* log.cc */,
				1500000014288087E7A2262F /* log.h */,
				1600000014288087E7A2262F /* project.cc */,
				1800000014288087E7A2262F /* project.h */,
				1900000014288087E7A2262F /* project_parser.cc */,
				1B00000014288087E7A2262F /* project_parser.h */,
				1C00000014288087E7A2262F /* project_parser.rl */,
				1D00000014288087E7A2262F /* project_xcode.cc */,
				1F00000014288087E7A2262F /* project_xcode.h */,
				2000000014288087E7A2262F /* util.cc */,
				2200000014288087E7A2262F /* util.h */,
				2300000014288087E7A2262F /* xcode.cc */,
				2500000014288087E7A2262F /* xcode.h */,
			);
			name = sushi;
			path = sushi;
			sourceTree = "<group>";
		};
		0D00000014288087E7A2262F /* cmdline_options.cc */ = {
			isa = PBXFileReference;
			lastKnownFileType = sourcecode.cpp.cpp;
			path = cmdline_options.cc;
			sourceTree = "<group>";
		};
		0E00000014288087E7A2262F /* cmdline_options.cc in Sources */ = {
			isa = PBXBuildFile;
			fileRef = 0D00000014288087E7A2262F /* cmdline_options.cc */;
		};
		0F00000014288087E7A2262F /* cmdline_options.h */ = {
			isa = PBXFileReference;
			lastKnownFileType = sourcecode.c.h;
			path = cmdline_options.h;
			sourceTree = "<group>";
		};
		1000000014288087E7A2262F /* filesystem.cc */ = {
			isa = PBXFileReference;
			lastKnownFileType = sourcecode.cpp.cpp;
			path = filesystem.cc;
			sourceTree = "<group>";
		};
		1100000014288087E7A2262F /* filesystem.cc in Sources */ = {
			isa = PBXBuildFile;
			fileRef = 1000000014288087E7A2262F /* filesystem.cc */;
		};
		1200000014288087E7A2262F /* filesystem.h */ = {
			isa = PBXFileReference;
			lastKnownFileType = sourcecode.c.h;
			path = filesystem.h;
			sourceTree = "<group>";
		};
		1300000014288087E7A2262F /* log.cc */ = {
			isa = PBXFileReference;
			lastKnownFileType = sourcecode.cpp.cpp;
			path = log.cc;
			sourceTree = "<group>";
		};
		1400000014288087E7A2262F /* log.cc in Sources */ = {
			isa = PBXBuildFile;
			fileRef = 1300000014288087E7A2262F /* log.cc */;
		};
		1500000014288087E7A2262F /* log.h */ = {
			isa = PBXFileReference;
			lastKnownFileType = sourcecode.c.h;
			path = log.h;
			sourceTree = "<group>";
		};
		1600000014288087E7A2262F /* project.cc */ = {
			isa = PBXFileReference;
			lastKnownFileType = sourcecode.cpp.cpp;
			path = project.cc;
			sourceTree = "<group>";
		};
		1700000014288087E7A2262F /* project.cc in Sources */ = {
			isa = PBXBuildFile;
			fileRef = 1600000014288087E7A2262F /* project.cc */;
		};
		1800000014288087E7A2262F /* project.h */ = {
			isa = PBXFileReference;
			lastKnownFileType = sourcecode.c.h;
			path = project.h;
			sourceTree = "<group>";
		};
		1900000014288087E7A2262F /* project_parser.cc */ = {
			isa = PBXFileReference;
			lastKnownFileType = sourcecode.cpp.cpp;
			path = project_parser.cc;
			sourceTree = "<group>";
		};
		1A00000014288087E7A2262F /* project_parser.cc in Sources */ = {
			isa = PBXBuildFile;
			fileRef = 1900000014288087E7A2262F /* project_parser.cc */;
		};
		1B00000014288087E7A2262F /* project_parser.h */ = {
			isa = PBXFileReference;
			lastKnownFileType = sourcecode.c.h;
			path = project_parser.h;
			sourceTree = "<group>";
		};
		1C00000014288087E7A2262F /* project_parser.rl */ = {
			isa = PBXFileReference;
			lastKnownFileType = text;
			path = project_parser.rl;
			sourceTree = "<group>";
		};
		1D00000014288087E7A2262F /* project_xcode.cc */ = {
			isa = PBXFileReference;
			lastKnownFileType = sourcecode.cpp.cpp;
			path = project_xcode.cc;
			sourceTree = "<group>";
		};
		1E00000014288087E7A2262F /* project_xcode.cc in Sources */ = {
			isa = PBXBuildFile;
			fileRef = 1D00000014288087E7A2262F /* project_xcode.cc */;
		};
		1F00000014288087E7A2262F /* project_xcode.h */ = {
			isa = PBXFileReference;
			lastKnownFileType = sourcecode.c.h;
			path = project_xcode.h;
			sourceTree = "<group>";
		};
		2000000014288087E7A2262F /* util.cc */ = {
			isa = PBXFileReference;
			lastKnownFileType = sourcecode.cpp.cpp;
			path = util.cc;
			sourceTree = "<group>";
		};
		2100000014288087E7A2262F /* util.cc in Sources */ = {
			isa = PBXBuildFile;
			fileRef = 2000000014288087E7A2262F /* util.cc */;
		};
		2200000014288087E7A2262F /* util.h */ = {
			isa = PBXFileReference;
			lastKnownFileType = sourcecode.c.h;
			path = util.h;
			sourceTree = "<group>";
		};
		2300000014288087E7A2262F /* xcode.cc */ = {
			isa = PBXFileReference;
			lastKnownFileType = sourcecode.cpp.cpp;
			path = xcode.cc;
			sourceTree = "<group>";
		};
		2400000014288087E7A2262F /* xcode.cc in Sources */ = {
			isa = PBXBuildFile;
			fileRef = 2300000014288087E7A2262F /* xcode.cc */;
		};
		2500000014288087E7A2262F /* xcode.h */ = {
			isa = PBXFileReference;
			lastKnownFileType = sourcecode.c.h;
			path = xcode.h;
			sourceTree = "<group>";
		};
		2600000014288087E7A2262F /* libsushi.a */ = {
			isa = PBXFileReference;
			explicitFileType = archive.ar;
			includeInIndex = 0;
			path = libsushi.a;
			sourceTree = BUILT_PRODUCTS_DIR;
		};
		2700000014288087E7A2262F /* sushi */ = {
			isa = PBXNativeTarget;
			buildConfigurationList = 0700000014288087E7A2262F /* Build configuration list for PBXNativeTarget "sushi" */;
			buildPhases = (
				0B00000014288087E7A2262F /* Sources */,
				0A00000014288087E7A2262F /* Frameworks */,
			);
			buildRules = (
			);
			dependencies = (
			);
			name = sushi;
			productName = sushi;
			productReference = 2600000014288087E7A2262F /* libsushi.a */;
			productType = "com.apple.product-type.library.static";
		};
		2800000014288087E7A2262F /* Build configuration list for PBXNativeTarget "tinyxml2" */ = {
			isa = XCConfigurationList;
			buildConfigurations = (
				2900000014288087E7A2262F /* Debug */,
				2A00000014288087E7A2262F /* Release */,
			);
			defaultConfigurationIsVisible = 1937077018;
			defaultConfigurationName = Release;
		};
		2900000014288087E7A2262F /* Debug */ = {
			isa = XCBuildConfiguration;
			buildSettings = {
				PRODUCT_NAME = "$(TARGET_NAME)";
			};
			name = Debug;
		};
		2A00000014288087E7A2262F /* Release */ = {
			isa = XCBuildConfiguration;
			buildSettings = {
				PRODUCT_NAME = "$(TARGET_NAME)";
			};
			name = Release;
		};
		2B00000014288087E7A2262F /* Frameworks */ = {
			isa = PBXFrameworksBuildPhase;
			buildActionMask = 2147483647;
			files = (
			);
			runOnlyForDeploymentPostprocessing = 0;
		};
		2C00000014288087E7A2262F /* Sources */ = {
			isa = PBXSourcesBuildPhase;
			buildActionMask = 2147483647;
			files = (
				3000000014288087E7A2262F /* tinyxml2.cpp in Sources */,
			);
			runOnlyForDeploymentPostprocessing = 0;
		};
		2D00000014288087E7A2262F /* tinyxml2 */ = {
			isa = PBXGroup;
			children = (
				2F00000014288087E7A2262F /* tinyxml2.cpp */,
				2E00000014288087E7A2262F /* tinyxml2.h */,
			);
			name = tinyxml2;
			path = tinyxml2;
			sourceTree = "<group>";
		};
		2E00000014288087E7A2262F /* tinyxml2.h */ = {
			isa = PBXFileReference;
			lastKnownFileType = sourcecode.c.h;
			path = tinyxml2.h;
			sourceTree = "<group>";
		};
		2F00000014288087E7A2262F /* tinyxml2.cpp */ = {
			isa = PBXFileReference;
			lastKnownFileType = sourcecode.cpp.cpp;
			path = tinyxml2.cpp;
			sourceTree = "<group>";
		};
		3000000014288087E7A2262F /* tinyxml2.cpp in Sources */ = {
			isa = PBXBuildFile;
			fileRef = 2F00000014288087E7A2262F /* tinyxml2.cpp */;
		};
		3100000014288087E7A2262F /* libtinyxml2.a */ = {
			isa = PBXFileReference;
			explicitFileType = archive.ar;
			includeInIndex = 0;
			path = libtinyxml2.a;
			sourceTree = BUILT_PRODUCTS_DIR;
		};
		3200000014288087E7A2262F /* tinyxml2 */ = {
			isa = PBXNativeTarget;
			buildConfigurationList = 2800000014288087E7A2262F /* Build configuration list for PBXNativeTarget "tinyxml2" */;
			buildPhases = (
				2C00000014288087E7A2262F /* Sources */,
				2B00000014288087E7A2262F /* Frameworks */,
			);
			buildRules = (
			);
			dependencies = (
			);
			name = tinyxml2;
			productName = tinyxml2;
			productReference = 3100000014288087E7A2262F /* libtinyxml2.a */;
			productType = "com.apple.product-type.library.static";
		};
		3300000014288087E7A2262F /* Build configuration list for PBXNativeTarget "maki" */ = {
			isa = XCConfigurationList;
			buildConfigurations = (
				3400000014288087E7A2262F /* Debug */,
				3500000014288087E7A2262F /* Release */,
			);
			defaultConfigurationIsVisible = 0;
			defaultConfigurationName = Release;
		};
		3400000014288087E7A2262F /* Debug */ = {
			isa = XCBuildConfiguration;
			buildSettings = {
				PRODUCT_NAME = "$(TARGET_NAME)";
			};
			name = Debug;
		};
		3500000014288087E7A2262F /* Release */ = {
			isa = XCBuildConfiguration;
			buildSettings = {
				PRODUCT_NAME = "$(TARGET_NAME)";
			};
			name = Release;
		};
		3600000014288087E7A2262F /* Frameworks */ = {
			isa = PBXFrameworksBuildPhase;
			buildActionMask = 2147483647;
			files = (
				3700000014288087E7A2262F /* libsushi.a in Frameworks */,
				3800000014288087E7A2262F /* libtinyxml2.a in Frameworks */,
			);
			runOnlyForDeploymentPostprocessing = 0;
		};
		3700000014288087E7A2262F /* libsushi.a in Frameworks */ = {
			isa = PBXBuildFile;
			fileRef = 2600000014288087E7A2262F /* libsushi.a */;
		};
		3800000014288087E7A2262F /* libtinyxml2.a in Frameworks */ = {
			isa = PBXBuildFile;
			fileRef = 3100000014288087E7A2262F /* libtinyxml2.a */;
		};
		3900000014288087E7A2262F /* Sources */ = {
			isa = PBXSourcesBuildPhase;
			buildActionMask = 2147483647;
			files = (
				3C00000014288087E7A2262F /* maki.cc in Sources */,
			);
			runOnlyForDeploymentPostprocessing = 0;
		};
		3A00000014288087E7A2262F /* app */ = {
			isa = PBXGroup;
			children = (
				3B00000014288087E7A2262F /* maki.cc */,
				4600000014288087E7A2262F /* pbx_create.cc */,
				5100000014288087E7A2262F /* pbx_read.cc */,
			);
			name = app;
			path = app;
			sourceTree = "<group>";
		};
		3B00000014288087E7A2262F /* maki.cc */ = {
			isa = PBXFileReference;
			lastKnownFileType = sourcecode.cpp.cpp;
			path = maki.cc;
			sourceTree = "<group>";
		};
		3C00000014288087E7A2262F /* maki.cc in Sources */ = {
			isa = PBXBuildFile;
			fileRef = 3B00000014288087E7A2262F /* maki.cc */;
		};
		3D00000014288087E7A2262F /* maki */ = {
			isa = PBXFileReference;
			explicitFileType = "compiled.mach-o.executable";
			includeInIndex = 0;
			path = maki;
			sourceTree = BUILT_PRODUCTS_DIR;
		};
		3E00000014288087E7A2262F /* maki */ = {
			isa = PBXNativeTarget;
			buildConfigurationList = 3300000014288087E7A2262F /* Build configuration list for PBXNativeTarget "maki" */;
			buildPhases = (
				3900000014288087E7A2262F /* Sources */,
				3600000014288087E7A2262F /* Frameworks */,
			);
			buildRules = (
			);
			dependencies = (
			);
			name = maki;
			productName = maki;
			productReference = 3D00000014288087E7A2262F /* maki */;
			productType = "com.apple.product-type.tool";
		};
		3F00000014288087E7A2262F /* Build configuration list for PBXNativeTarget "pbx_create" */ = {
			isa = XCConfigurationList;
			buildConfigurations = (
				4000000014288087E7A2262F /* Debug */,
				4100000014288087E7A2262F /* Release */,
			);
			defaultConfigurationIsVisible = 0;
			defaultConfigurationName = Release;
		};
		4000000014288087E7A2262F /* Debug */ = {
			isa = XCBuildConfiguration;
			buildSettings = {
				PRODUCT_NAME = "$(TARGET_NAME)";
			};
			name = Debug;
		};
		4100000014288087E7A2262F /* Release */ = {
			isa = XCBuildConfiguration;
			buildSettings = {
				PRODUCT_NAME = "$(TARGET_NAME)";
			};
			name = Release;
		};
		4200000014288087E7A2262F /* Frameworks */ = {
			isa = PBXFrameworksBuildPhase;
			buildActionMask = 2147483647;
			files = (
				4300000014288087E7A2262F /* libsushi.a in Frameworks */,
				4400000014288087E7A2262F /* libtinyxml2.a in Frameworks */,
			);
			runOnlyForDeploymentPostprocessing = 0;
		};
		4300000014288087E7A2262F /* libsushi.a in Frameworks */ = {
			isa = PBXBuildFile;
			fileRef = 2600000014288087E7A2262F /* libsushi.a */;
		};
		4400000014288087E7A2262F /* libtinyxml2.a in Frameworks */ = {
			isa = PBXBuildFile;
			fileRef = 3100000014288087E7A2262F /* libtinyxml2.a */;
		};
		4500000014288087E7A2262F /* Sources */ = {
			isa = PBXSourcesBuildPhase;
			buildActionMask = 2147483647;
			files = (
				4700000014288087E7A2262F /* pbx_create.cc in Sources */,
			);
			runOnlyForDeploymentPostprocessing = 0;
		};
		4600000014288087E7A2262F /* pbx_create.cc */ = {
			isa = PBXFileReference;
			lastKnownFileType = sourcecode.cpp.cpp;
			path = pbx_create.cc;
			sourceTree = "<group>";
		};
		4700000014288087E7A2262F /* pbx_create.cc in Sources */ = {
			isa = PBXBuildFile;
			fileRef = 4600000014288087E7A2262F /* pbx_create.cc */;
		};
		4800000014288087E7A2262F /* pbx_create */ = {
			isa = PBXFileReference;
			explicitFileType = "compiled.mach-o.executable";
			includeInIndex = 0;
			path = pbx_create;
			sourceTree = BUILT_PRODUCTS_DIR;
		};
		4900000014288087E7A2262F /* pbx_create */ = {
			isa = PBXNativeTarget;
			buildConfigurationList = 3F00000014288087E7A2262F /* Build configuration list for PBXNativeTarget "pbx_create" */;
			buildPhases = (
				4500000014288087E7A2262F /* Sources */,
				4200000014288087E7A2262F /* Frameworks */,
			);
			buildRules = (
			);
			dependencies = (
			);
			name = pbx_create;
			productName = pbx_create;
			productReference = 4800000014288087E7A2262F /* pbx_create */;
			productType = "com.apple.product-type.tool";
		};
		4A00000014288087E7A2262F /* Build configuration list for PBXNativeTarget "pbx_read" */ = {
			isa = XCConfigurationList;
			buildConfigurations = (
				4B00000014288087E7A2262F /* Debug */,
				4C00000014288087E7A2262F /* Release */,
			);
			defaultConfigurationIsVisible = 0;
			defaultConfigurationName = Release;
		};
		4B00000014288087E7A2262F /* Debug */ = {
			isa = XCBuildConfiguration;
			buildSettings = {
				PRODUCT_NAME = "$(TARGET_NAME)";
			};
			name = Debug;
		};
		4C00000014288087E7A2262F /* Release */ = {
			isa = XCBuildConfiguration;
			buildSettings = {
				PRODUCT_NAME = "$(TARGET_NAME)";
			};
			name = Release;
		};
		4D00000014288087E7A2262F /* Frameworks */ = {
			isa = PBXFrameworksBuildPhase;
			buildActionMask = 2147483647;
			files = (
				4E00000014288087E7A2262F /* libsushi.a in Frameworks */,
				4F00000014288087E7A2262F /* libtinyxml2.a in Frameworks */,
			);
			runOnlyForDeploymentPostprocessing = 0;
		};
		4E00000014288087E7A2262F /* libsushi.a in Frameworks */ = {
			isa = PBXBuildFile;
			fileRef = 2600000014288087E7A2262F /* libsushi.a */;
		};
		4F00000014288087E7A2262F /* libtinyxml2.a in Frameworks */ = {
			isa = PBXBuildFile;
			fileRef = 3100000014288087E7A2262F /* libtinyxml2.a */;
		};
		5000000014288087E7A2262F /* Sources */ = {
			isa = PBXSourcesBuildPhase;
			buildActionMask = 2147483647;
			files = (
				5200000014288087E7A2262F /* pbx_read.cc in Sources */,
			);
			runOnlyForDeploymentPostprocessing = 0;
		};
		5100000014288087E7A2262F /* pbx_read.cc */ = {
			isa = PBXFileReference;
			lastKnownFileType = sourcecode.cpp.cpp;
			path = pbx_read.cc;
			sourceTree = "<group>";
		};
		5200000014288087E7A2262F /* pbx_read.cc in Sources */ = {
			isa = PBXBuildFile;
			fileRef = 5100000014288087E7A2262F /* pbx_read.cc */;
		};
		5300000014288087E7A2262F /* pbx_read */ = {
			isa = PBXFileReference;
			explicitFileType = "compiled.mach-o.executable";
			includeInIndex = 0;
			path = pbx_read;
			sourceTree = BUILT_PRODUCTS_DIR;
		};
		5400000014288087E7A2262F /* pbx_read */ = {
			isa = PBXNativeTarget;
			buildConfigurationList = 4A00000014288087E7A2262F /* Build configuration list for PBXNativeTarget "pbx_read" */;
			buildPhases = (
				5000000014288087E7A2262F /* Sources */,
				4D00000014288087E7A2262F /* Frameworks */,
			);
			buildRules = (
			);
			dependencies = (
			);
			name = pbx_read;
			productName = pbx_read;
			productReference = 5300000014288087E7A2262F /* pbx_read */;
			productType = "com.apple.product-type.tool";
		};
	};
	rootObject = 0100000014288087E7A2262F /* Project Object */;
}
