// !$*UTF8*$!
{
	archiveVersion = 1;
	classes = {
	};
	objectVersion = 46;
	objects = {
		01000000EB5F2F4594BA6C24 /* Project Object */ = {
			isa = PBXProject;
			attributes = {
			};
			buildConfigurationList = 02000000EB5F2F4594BA6C24 /* Build configuration list for PBXProject "sushi" */;
			compatibilityVersion = "Xcode 3.2";
			developmentRegion = English;
			hasScannedForEncodings = 0;
			knownRegions = (
				en,
			);
			mainGroup = 05000000EB5F2F4594BA6C24;
			productRefGroup = 06000000EB5F2F4594BA6C24 /* Products */;
			projectDirPath = "";
			projectReferences = (
			);
			projectRoot = "";
			targets = (
				27000000EB5F2F4594BA6C24 /* sushi */,
				32000000EB5F2F4594BA6C24 /* maki */,
				3C000000EB5F2F4594BA6C24 /* pbx_create */,
				46000000EB5F2F4594BA6C24 /* pbx_read */,
			);
		};
		02000000EB5F2F4594BA6C24 /* Build configuration list for PBXProject "sushi" */ = {
			isa = XCConfigurationList;
			buildConfigurations = (
				03000000EB5F2F4594BA6C24 /* Debug */,
				04000000EB5F2F4594BA6C24 /* Release */,
			);
			defaultConfigurationIsVisible = 0;
			defaultConfigurationName = Release;
		};
		03000000EB5F2F4594BA6C24 /* Debug */ = {
			isa = XCBuildConfiguration;
			buildSettings = {
				CLANG_CXX_LANGUAGE_STANDARD = "gnu++0x";
				GCC_C_LANGUAGE_STANDARD = gnu11;
				MACOSX_DEPLOYMENT_TARGET = 10.10;
				SDKROOT = macosx;
			};
			name = Debug;
		};
		04000000EB5F2F4594BA6C24 /* Release */ = {
			isa = XCBuildConfiguration;
			buildSettings = {
				CLANG_CXX_LANGUAGE_STANDARD = "gnu++0x";
				GCC_C_LANGUAGE_STANDARD = gnu11;
				MACOSX_DEPLOYMENT_TARGET = 10.10;
				SDKROOT = macosx;
			};
			name = Release;
		};
		05000000EB5F2F4594BA6C24 = {
			isa = PBXGroup;
			children = (
				06000000EB5F2F4594BA6C24 /* Products */,
				2E000000EB5F2F4594BA6C24 /* app */,
				0C000000EB5F2F4594BA6C24 /* sushi */,
			);
			sourceTree = "<group>";
		};
		06000000EB5F2F4594BA6C24 /* Products */ = {
			isa = PBXGroup;
			children = (
				26000000EB5F2F4594BA6C24 /* libsushi.a */,
				31000000EB5F2F4594BA6C24 /* maki */,
				3B000000EB5F2F4594BA6C24 /* pbx_create */,
				45000000EB5F2F4594BA6C24 /* pbx_read */,
			);
			name = Products;
			sourceTree = "<group>";
		};
		07000000EB5F2F4594BA6C24 /* Build configuration list for PBXNativeTarget "sushi" */ = {
			isa = XCConfigurationList;
			buildConfigurations = (
				08000000EB5F2F4594BA6C24 /* Debug */,
				09000000EB5F2F4594BA6C24 /* Release */,
			);
			defaultConfigurationIsVisible = 0;
			defaultConfigurationName = Release;
		};
		08000000EB5F2F4594BA6C24 /* Debug */ = {
			isa = XCBuildConfiguration;
			buildSettings = {
				PRODUCT_NAME = "$(TARGET_NAME)";
			};
			name = Debug;
		};
		09000000EB5F2F4594BA6C24 /* Release */ = {
			isa = XCBuildConfiguration;
			buildSettings = {
				PRODUCT_NAME = "$(TARGET_NAME)";
			};
			name = Release;
		};
		0A000000EB5F2F4594BA6C24 /* Frameworks */ = {
			isa = PBXFrameworksBuildPhase;
			buildActionMask = 2147483647;
			files = (
			);
			runOnlyForDeploymentPostprocessing = 0;
		};
		0B000000EB5F2F4594BA6C24 /* Sources */ = {
			isa = PBXSourcesBuildPhase;
			buildActionMask = 2147483647;
			files = (
				0E000000EB5F2F4594BA6C24 /* cmdline_options.cc in Sources */,
				11000000EB5F2F4594BA6C24 /* filesystem.cc in Sources */,
				14000000EB5F2F4594BA6C24 /* log.cc in Sources */,
				17000000EB5F2F4594BA6C24 /* project.cc in Sources */,
				1A000000EB5F2F4594BA6C24 /* project_parser.cc in Sources */,
				1E000000EB5F2F4594BA6C24 /* project_xcode.cc in Sources */,
				21000000EB5F2F4594BA6C24 /* util.cc in Sources */,
				24000000EB5F2F4594BA6C24 /* xcode.cc in Sources */,
			);
			runOnlyForDeploymentPostprocessing = 0;
		};
		0C000000EB5F2F4594BA6C24 /* sushi */ = {
			isa = PBXGroup;
			children = (
				0D000000EB5F2F4594BA6C24 /* cmdline_options.cc */,
				0F000000EB5F2F4594BA6C24 /* cmdline_options.h */,
				10000000EB5F2F4594BA6C24 /* filesystem.cc */,
				12000000EB5F2F4594BA6C24 /* filesystem.h */,
				13000000EB5F2F4594BA6C24 /* log.cc */,
				15000000EB5F2F4594BA6C24 /* log.h */,
				16000000EB5F2F4594BA6C24 /* project.cc */,
				18000000EB5F2F4594BA6C24 /* project.h */,
				19000000EB5F2F4594BA6C24 /* project_parser.cc */,
				1B000000EB5F2F4594BA6C24 /* project_parser.h */,
				1C000000EB5F2F4594BA6C24 /* project_parser.rl */,
				1D000000EB5F2F4594BA6C24 /* project_xcode.cc */,
				1F000000EB5F2F4594BA6C24 /* project_xcode.h */,
				20000000EB5F2F4594BA6C24 /* util.cc */,
				22000000EB5F2F4594BA6C24 /* util.h */,
				23000000EB5F2F4594BA6C24 /* xcode.cc */,
				25000000EB5F2F4594BA6C24 /* xcode.h */,
			);
			name = sushi;
			path = sushi;
			sourceTree = "<group>";
		};
		0D000000EB5F2F4594BA6C24 /* cmdline_options.cc */ = {
			isa = PBXFileReference;
			lastKnownFileType = sourcecode.cpp.cpp;
			path = cmdline_options.cc;
			sourceTree = "<group>";
		};
		0E000000EB5F2F4594BA6C24 /* cmdline_options.cc in Sources */ = {
			isa = PBXBuildFile;
			fileRef = 0D000000EB5F2F4594BA6C24 /* cmdline_options.cc */;
		};
		0F000000EB5F2F4594BA6C24 /* cmdline_options.h */ = {
			isa = PBXFileReference;
			lastKnownFileType = sourcecode.c.h;
			path = cmdline_options.h;
			sourceTree = "<group>";
		};
		10000000EB5F2F4594BA6C24 /* filesystem.cc */ = {
			isa = PBXFileReference;
			lastKnownFileType = sourcecode.cpp.cpp;
			path = filesystem.cc;
			sourceTree = "<group>";
		};
		11000000EB5F2F4594BA6C24 /* filesystem.cc in Sources */ = {
			isa = PBXBuildFile;
			fileRef = 10000000EB5F2F4594BA6C24 /* filesystem.cc */;
		};
		12000000EB5F2F4594BA6C24 /* filesystem.h */ = {
			isa = PBXFileReference;
			lastKnownFileType = sourcecode.c.h;
			path = filesystem.h;
			sourceTree = "<group>";
		};
		13000000EB5F2F4594BA6C24 /* log.cc */ = {
			isa = PBXFileReference;
			lastKnownFileType = sourcecode.cpp.cpp;
			path = log.cc;
			sourceTree = "<group>";
		};
		14000000EB5F2F4594BA6C24 /* log.cc in Sources */ = {
			isa = PBXBuildFile;
			fileRef = 13000000EB5F2F4594BA6C24 /* log.cc */;
		};
		15000000EB5F2F4594BA6C24 /* log.h */ = {
			isa = PBXFileReference;
			lastKnownFileType = sourcecode.c.h;
			path = log.h;
			sourceTree = "<group>";
		};
		16000000EB5F2F4594BA6C24 /* project.cc */ = {
			isa = PBXFileReference;
			lastKnownFileType = sourcecode.cpp.cpp;
			path = project.cc;
			sourceTree = "<group>";
		};
		17000000EB5F2F4594BA6C24 /* project.cc in Sources */ = {
			isa = PBXBuildFile;
			fileRef = 16000000EB5F2F4594BA6C24 /* project.cc */;
		};
		18000000EB5F2F4594BA6C24 /* project.h */ = {
			isa = PBXFileReference;
			lastKnownFileType = sourcecode.c.h;
			path = project.h;
			sourceTree = "<group>";
		};
		19000000EB5F2F4594BA6C24 /* project_parser.cc */ = {
			isa = PBXFileReference;
			lastKnownFileType = sourcecode.cpp.cpp;
			path = project_parser.cc;
			sourceTree = "<group>";
		};
		1A000000EB5F2F4594BA6C24 /* project_parser.cc in Sources */ = {
			isa = PBXBuildFile;
			fileRef = 19000000EB5F2F4594BA6C24 /* project_parser.cc */;
		};
		1B000000EB5F2F4594BA6C24 /* project_parser.h */ = {
			isa = PBXFileReference;
			lastKnownFileType = sourcecode.c.h;
			path = project_parser.h;
			sourceTree = "<group>";
		};
		1C000000EB5F2F4594BA6C24 /* project_parser.rl */ = {
			isa = PBXFileReference;
			lastKnownFileType = text;
			path = project_parser.rl;
			sourceTree = "<group>";
		};
		1D000000EB5F2F4594BA6C24 /* project_xcode.cc */ = {
			isa = PBXFileReference;
			lastKnownFileType = sourcecode.cpp.cpp;
			path = project_xcode.cc;
			sourceTree = "<group>";
		};
		1E000000EB5F2F4594BA6C24 /* project_xcode.cc in Sources */ = {
			isa = PBXBuildFile;
			fileRef = 1D000000EB5F2F4594BA6C24 /* project_xcode.cc */;
		};
		1F000000EB5F2F4594BA6C24 /* project_xcode.h */ = {
			isa = PBXFileReference;
			lastKnownFileType = sourcecode.c.h;
			path = project_xcode.h;
			sourceTree = "<group>";
		};
		20000000EB5F2F4594BA6C24 /* util.cc */ = {
			isa = PBXFileReference;
			lastKnownFileType = sourcecode.cpp.cpp;
			path = util.cc;
			sourceTree = "<group>";
		};
		21000000EB5F2F4594BA6C24 /* util.cc in Sources */ = {
			isa = PBXBuildFile;
			fileRef = 20000000EB5F2F4594BA6C24 /* util.cc */;
		};
		22000000EB5F2F4594BA6C24 /* util.h */ = {
			isa = PBXFileReference;
			lastKnownFileType = sourcecode.c.h;
			path = util.h;
			sourceTree = "<group>";
		};
		23000000EB5F2F4594BA6C24 /* xcode.cc */ = {
			isa = PBXFileReference;
			lastKnownFileType = sourcecode.cpp.cpp;
			path = xcode.cc;
			sourceTree = "<group>";
		};
		24000000EB5F2F4594BA6C24 /* xcode.cc in Sources */ = {
			isa = PBXBuildFile;
			fileRef = 23000000EB5F2F4594BA6C24 /* xcode.cc */;
		};
		25000000EB5F2F4594BA6C24 /* xcode.h */ = {
			isa = PBXFileReference;
			lastKnownFileType = sourcecode.c.h;
			path = xcode.h;
			sourceTree = "<group>";
		};
		26000000EB5F2F4594BA6C24 /* libsushi.a */ = {
			isa = PBXFileReference;
			explicitFileType = archive.ar;
			includeInIndex = 0;
			path = libsushi.a;
			sourceTree = BUILT_PRODUCTS_DIR;
		};
		27000000EB5F2F4594BA6C24 /* sushi */ = {
			isa = PBXNativeTarget;
			buildConfigurationList = 07000000EB5F2F4594BA6C24 /* Build configuration list for PBXNativeTarget "sushi" */;
			buildPhases = (
				0B000000EB5F2F4594BA6C24 /* Sources */,
				0A000000EB5F2F4594BA6C24 /* Frameworks */,
			);
			buildRules = (
			);
			dependencies = (
			);
			name = sushi;
			productName = sushi;
			productReference = 26000000EB5F2F4594BA6C24 /* libsushi.a */;
			productType = "com.apple.product-type.library.static";
		};
		28000000EB5F2F4594BA6C24 /* Build configuration list for PBXNativeTarget "maki" */ = {
			isa = XCConfigurationList;
			buildConfigurations = (
				29000000EB5F2F4594BA6C24 /* Debug */,
				2A000000EB5F2F4594BA6C24 /* Release */,
			);
			defaultConfigurationIsVisible = 0;
			defaultConfigurationName = Release;
		};
		29000000EB5F2F4594BA6C24 /* Debug */ = {
			isa = XCBuildConfiguration;
			buildSettings = {
				PRODUCT_NAME = "$(TARGET_NAME)";
			};
			name = Debug;
		};
		2A000000EB5F2F4594BA6C24 /* Release */ = {
			isa = XCBuildConfiguration;
			buildSettings = {
				PRODUCT_NAME = "$(TARGET_NAME)";
			};
			name = Release;
		};
		2B000000EB5F2F4594BA6C24 /* Frameworks */ = {
			isa = PBXFrameworksBuildPhase;
			buildActionMask = 2147483647;
			files = (
				2C000000EB5F2F4594BA6C24 /* libsushi.a in Frameworks */,
			);
			runOnlyForDeploymentPostprocessing = 0;
		};
		2C000000EB5F2F4594BA6C24 /* libsushi.a in Frameworks */ = {
			isa = PBXBuildFile;
			fileRef = 26000000EB5F2F4594BA6C24 /* libsushi.a */;
		};
		2D000000EB5F2F4594BA6C24 /* Sources */ = {
			isa = PBXSourcesBuildPhase;
			buildActionMask = 2147483647;
			files = (
				30000000EB5F2F4594BA6C24 /* maki.cc in Sources */,
			);
			runOnlyForDeploymentPostprocessing = 0;
		};
		2E000000EB5F2F4594BA6C24 /* app */ = {
			isa = PBXGroup;
			children = (
				2F000000EB5F2F4594BA6C24 /* maki.cc */,
				39000000EB5F2F4594BA6C24 /* pbx_create.cc */,
				43000000EB5F2F4594BA6C24 /* pbx_read.cc */,
			);
			name = app;
			path = app;
			sourceTree = "<group>";
		};
		2F000000EB5F2F4594BA6C24 /* maki.cc */ = {
			isa = PBXFileReference;
			lastKnownFileType = sourcecode.cpp.cpp;
			path = maki.cc;
			sourceTree = "<group>";
		};
		30000000EB5F2F4594BA6C24 /* maki.cc in Sources */ = {
			isa = PBXBuildFile;
			fileRef = 2F000000EB5F2F4594BA6C24 /* maki.cc */;
		};
		31000000EB5F2F4594BA6C24 /* maki */ = {
			isa = PBXFileReference;
			explicitFileType = "compiled.mach-o.executable";
			includeInIndex = 0;
			path = maki;
			sourceTree = BUILT_PRODUCTS_DIR;
		};
		32000000EB5F2F4594BA6C24 /* maki */ = {
			isa = PBXNativeTarget;
			buildConfigurationList = 28000000EB5F2F4594BA6C24 /* Build configuration list for PBXNativeTarget "maki" */;
			buildPhases = (
				2D000000EB5F2F4594BA6C24 /* Sources */,
				2B000000EB5F2F4594BA6C24 /* Frameworks */,
			);
			buildRules = (
			);
			dependencies = (
			);
			name = maki;
			productName = maki;
			productReference = 31000000EB5F2F4594BA6C24 /* maki */;
			productType = "com.apple.product-type.tool";
		};
		33000000EB5F2F4594BA6C24 /* Build configuration list for PBXNativeTarget "pbx_create" */ = {
			isa = XCConfigurationList;
			buildConfigurations = (
				34000000EB5F2F4594BA6C24 /* Debug */,
				35000000EB5F2F4594BA6C24 /* Release */,
			);
			defaultConfigurationIsVisible = 0;
			defaultConfigurationName = Release;
		};
		34000000EB5F2F4594BA6C24 /* Debug */ = {
			isa = XCBuildConfiguration;
			buildSettings = {
				PRODUCT_NAME = "$(TARGET_NAME)";
			};
			name = Debug;
		};
		35000000EB5F2F4594BA6C24 /* Release */ = {
			isa = XCBuildConfiguration;
			buildSettings = {
				PRODUCT_NAME = "$(TARGET_NAME)";
			};
			name = Release;
		};
		36000000EB5F2F4594BA6C24 /* Frameworks */ = {
			isa = PBXFrameworksBuildPhase;
			buildActionMask = 2147483647;
			files = (
				37000000EB5F2F4594BA6C24 /* libsushi.a in Frameworks */,
			);
			runOnlyForDeploymentPostprocessing = 0;
		};
		37000000EB5F2F4594BA6C24 /* libsushi.a in Frameworks */ = {
			isa = PBXBuildFile;
			fileRef = 26000000EB5F2F4594BA6C24 /* libsushi.a */;
		};
		38000000EB5F2F4594BA6C24 /* Sources */ = {
			isa = PBXSourcesBuildPhase;
			buildActionMask = 2147483647;
			files = (
				3A000000EB5F2F4594BA6C24 /* pbx_create.cc in Sources */,
			);
			runOnlyForDeploymentPostprocessing = 0;
		};
		39000000EB5F2F4594BA6C24 /* pbx_create.cc */ = {
			isa = PBXFileReference;
			lastKnownFileType = sourcecode.cpp.cpp;
			path = pbx_create.cc;
			sourceTree = "<group>";
		};
		3A000000EB5F2F4594BA6C24 /* pbx_create.cc in Sources */ = {
			isa = PBXBuildFile;
			fileRef = 39000000EB5F2F4594BA6C24 /* pbx_create.cc */;
		};
		3B000000EB5F2F4594BA6C24 /* pbx_create */ = {
			isa = PBXFileReference;
			explicitFileType = "compiled.mach-o.executable";
			includeInIndex = 0;
			path = pbx_create;
			sourceTree = BUILT_PRODUCTS_DIR;
		};
		3C000000EB5F2F4594BA6C24 /* pbx_create */ = {
			isa = PBXNativeTarget;
			buildConfigurationList = 33000000EB5F2F4594BA6C24 /* Build configuration list for PBXNativeTarget "pbx_create" */;
			buildPhases = (
				38000000EB5F2F4594BA6C24 /* Sources */,
				36000000EB5F2F4594BA6C24 /* Frameworks */,
			);
			buildRules = (
			);
			dependencies = (
			);
			name = pbx_create;
			productName = pbx_create;
			productReference = 3B000000EB5F2F4594BA6C24 /* pbx_create */;
			productType = "com.apple.product-type.tool";
		};
		3D000000EB5F2F4594BA6C24 /* Build configuration list for PBXNativeTarget "pbx_read" */ = {
			isa = XCConfigurationList;
			buildConfigurations = (
				3E000000EB5F2F4594BA6C24 /* Debug */,
				3F000000EB5F2F4594BA6C24 /* Release */,
			);
			defaultConfigurationIsVisible = 0;
			defaultConfigurationName = Release;
		};
		3E000000EB5F2F4594BA6C24 /* Debug */ = {
			isa = XCBuildConfiguration;
			buildSettings = {
				PRODUCT_NAME = "$(TARGET_NAME)";
			};
			name = Debug;
		};
		3F000000EB5F2F4594BA6C24 /* Release */ = {
			isa = XCBuildConfiguration;
			buildSettings = {
				PRODUCT_NAME = "$(TARGET_NAME)";
			};
			name = Release;
		};
		40000000EB5F2F4594BA6C24 /* Frameworks */ = {
			isa = PBXFrameworksBuildPhase;
			buildActionMask = 2147483647;
			files = (
				41000000EB5F2F4594BA6C24 /* libsushi.a in Frameworks */,
			);
			runOnlyForDeploymentPostprocessing = 0;
		};
		41000000EB5F2F4594BA6C24 /* libsushi.a in Frameworks */ = {
			isa = PBXBuildFile;
			fileRef = 26000000EB5F2F4594BA6C24 /* libsushi.a */;
		};
		42000000EB5F2F4594BA6C24 /* Sources */ = {
			isa = PBXSourcesBuildPhase;
			buildActionMask = 2147483647;
			files = (
				44000000EB5F2F4594BA6C24 /* pbx_read.cc in Sources */,
			);
			runOnlyForDeploymentPostprocessing = 0;
		};
		43000000EB5F2F4594BA6C24 /* pbx_read.cc */ = {
			isa = PBXFileReference;
			lastKnownFileType = sourcecode.cpp.cpp;
			path = pbx_read.cc;
			sourceTree = "<group>";
		};
		44000000EB5F2F4594BA6C24 /* pbx_read.cc in Sources */ = {
			isa = PBXBuildFile;
			fileRef = 43000000EB5F2F4594BA6C24 /* pbx_read.cc */;
		};
		45000000EB5F2F4594BA6C24 /* pbx_read */ = {
			isa = PBXFileReference;
			explicitFileType = "compiled.mach-o.executable";
			includeInIndex = 0;
			path = pbx_read;
			sourceTree = BUILT_PRODUCTS_DIR;
		};
		46000000EB5F2F4594BA6C24 /* pbx_read */ = {
			isa = PBXNativeTarget;
			buildConfigurationList = 3D000000EB5F2F4594BA6C24 /* Build configuration list for PBXNativeTarget "pbx_read" */;
			buildPhases = (
				42000000EB5F2F4594BA6C24 /* Sources */,
				40000000EB5F2F4594BA6C24 /* Frameworks */,
			);
			buildRules = (
			);
			dependencies = (
			);
			name = pbx_read;
			productName = pbx_read;
			productReference = 45000000EB5F2F4594BA6C24 /* pbx_read */;
			productType = "com.apple.product-type.tool";
		};
	};
	rootObject = 01000000EB5F2F4594BA6C24 /* Project Object */;
}
