// !$*UTF8*$!
{
	archiveVersion = 1;
	classes = {
	};
	objectVersion = 46;
	objects = {

/* Begin PBXBuildFile section */
		657F6F911B802E42000A571E /* CoreFoundation.framework in Frameworks */ = {isa = PBXBuildFile; fileRef = 657F6F901B802E42000A571E /* CoreFoundation.framework */; };
		657F6F981B802E42000A571E /* plugin.h in Headers */ = {isa = PBXBuildFile; fileRef = 657F6F971B802E42000A571E /* plugin.h */; };
		657F6F9A1B802E42000A571E /* pluginPriv.h in Headers */ = {isa = PBXBuildFile; fileRef = 657F6F991B802E42000A571E /* pluginPriv.h */; };
		657F6F9C1B802E42000A571E /* plugin.cp in Sources */ = {isa = PBXBuildFile; fileRef = 657F6F9B1B802E42000A571E /* plugin.cp */; };
/* End PBXBuildFile section */

/* Begin PBXFileReference section */
		657F6F8D1B802E42000A571E /* plugin.bundle */ = {isa = PBXFileReference; explicitFileType = wrapper.cfbundle; includeInIndex = 0; path = plugin.bundle; sourceTree = BUILT_PRODUCTS_DIR; };
		657F6F901B802E42000A571E /* CoreFoundation.framework */ = {isa = PBXFileReference; lastKnownFileType = wrapper.framework; name = CoreFoundation.framework; path = System/Library/Frameworks/CoreFoundation.framework; sourceTree = SDKROOT; };
		657F6F941B802E42000A571E /* Info.plist */ = {isa = PBXFileReference; lastKnownFileType = text.plist.xml; path = Info.plist; sourceTree = "<group>"; };
		657F6F951B802E42000A571E /* pluginProj.xcconfig */ = {isa = PBXFileReference; lastKnownFileType = text.xcconfig; path = pluginProj.xcconfig; sourceTree = "<group>"; };
		657F6F961B802E42000A571E /* pluginTarget.xcconfig */ = {isa = PBXFileReference; lastKnownFileType = text.xcconfig; path = pluginTarget.xcconfig; sourceTree = "<group>"; };
		657F6F971B802E42000A571E /* plugin.h */ = {isa = PBXFileReference; lastKnownFileType = sourcecode.c.h; path = plugin.h; sourceTree = "<group>"; };
		657F6F991B802E42000A571E /* pluginPriv.h */ = {isa = PBXFileReference; lastKnownFileType = sourcecode.c.h; path = pluginPriv.h; sourceTree = "<group>"; };
		657F6F9B1B802E42000A571E /* plugin.cp */ = {isa = PBXFileReference; lastKnownFileType = sourcecode.cpp.cpp; path = plugin.cp; sourceTree = "<group>"; };
/* End PBXFileReference section */

/* Begin PBXFrameworksBuildPhase section */
		657F6F8A1B802E42000A571E /* Frameworks */ = {
			isa = PBXFrameworksBuildPhase;
			buildActionMask = 2147483647;
			files = (
				657F6F911B802E42000A571E /* CoreFoundation.framework in Frameworks */,
			);
			runOnlyForDeploymentPostprocessing = 0;
		};
/* End PBXFrameworksBuildPhase section */

/* Begin PBXGroup section */
		657F6F841B802E42000A571E = {
			isa = PBXGroup;
			children = (
				657F6F921B802E42000A571E /* plugin */,
				657F6F8F1B802E42000A571E /* Frameworks */,
				657F6F8E1B802E42000A571E /* Products */,
			);
			sourceTree = "<group>";
		};
		657F6F8E1B802E42000A571E /* Products */ = {
			isa = PBXGroup;
			children = (
				657F6F8D1B802E42000A571E /* plugin.bundle */,
			);
			name = Products;
			sourceTree = "<group>";
		};
		657F6F8F1B802E42000A571E /* Frameworks */ = {
			isa = PBXGroup;
			children = (
				657F6F901B802E42000A571E /* CoreFoundation.framework */,
			);
			name = Frameworks;
			sourceTree = "<group>";
		};
		657F6F921B802E42000A571E /* plugin */ = {
			isa = PBXGroup;
			children = (
				657F6F951B802E42000A571E /* pluginProj.xcconfig */,
				657F6F961B802E42000A571E /* pluginTarget.xcconfig */,
				657F6F971B802E42000A571E /* plugin.h */,
				657F6F991B802E42000A571E /* pluginPriv.h */,
				657F6F9B1B802E42000A571E /* plugin.cp */,
				657F6F931B802E42000A571E /* Supporting Files */,
			);
			path = plugin;
			sourceTree = "<group>";
		};
		657F6F931B802E42000A571E /* Supporting Files */ = {
			isa = PBXGroup;
			children = (
				657F6F941B802E42000A571E /* Info.plist */,
			);
			name = "Supporting Files";
			sourceTree = "<group>";
		};
/* End PBXGroup section */

/* Begin PBXHeadersBuildPhase section */
		657F6F8B1B802E42000A571E /* Headers */ = {
			isa = PBXHeadersBuildPhase;
			buildActionMask = 2147483647;
			files = (
				657F6F9A1B802E42000A571E /* pluginPriv.h in Headers */,
				657F6F981B802E42000A571E /* plugin.h in Headers */,
			);
			runOnlyForDeploymentPostprocessing = 0;
		};
/* End PBXHeadersBuildPhase section */

/* Begin PBXNativeTarget section */
		657F6F8C1B802E42000A571E /* plugin */ = {
			isa = PBXNativeTarget;
			buildConfigurationList = 657F6F9F1B802E42000A571E /* Build configuration list for PBXNativeTarget "plugin" */;
			buildPhases = (
				657F6F891B802E42000A571E /* Sources */,
				657F6F8A1B802E42000A571E /* Frameworks */,
				657F6F8B1B802E42000A571E /* Headers */,
			);
			buildRules = (
			);
			dependencies = (
			);
			name = plugin;
			productName = plugin;
			productReference = 657F6F8D1B802E42000A571E /* plugin.bundle */;
			productType = "com.apple.product-type.bundle";
		};
/* End PBXNativeTarget section */

/* Begin PBXProject section */
		657F6F851B802E42000A571E /* Project object */ = {
			isa = PBXProject;
			attributes = {
				LastUpgradeCheck = 0640;
				ORGANIZATIONNAME = "Michael Clark";
				TargetAttributes = {
					657F6F8C1B802E42000A571E = {
						CreatedOnToolsVersion = 6.4;
					};
				};
			};
			buildConfigurationList = 657F6F881B802E42000A571E /* Build configuration list for PBXProject "plugin" */;
			compatibilityVersion = "Xcode 3.2";
			developmentRegion = English;
			hasScannedForEncodings = 0;
			knownRegions = (
				en,
			);
			mainGroup = 657F6F841B802E42000A571E;
			productRefGroup = 657F6F8E1B802E42000A571E /* Products */;
			projectDirPath = "";
			projectRoot = "";
			targets = (
				657F6F8C1B802E42000A571E /* plugin */,
			);
		};
/* End PBXProject section */

/* Begin PBXSourcesBuildPhase section */
		657F6F891B802E42000A571E /* Sources */ = {
			isa = PBXSourcesBuildPhase;
			buildActionMask = 2147483647;
			files = (
				657F6F9C1B802E42000A571E /* plugin.cp in Sources */,
			);
			runOnlyForDeploymentPostprocessing = 0;
		};
/* End PBXSourcesBuildPhase section */

/* Begin XCBuildConfiguration section */
		657F6F9D1B802E42000A571E /* Debug */ = {
			isa = XCBuildConfiguration;
			buildSettings = {
				ALWAYS_SEARCH_USER_PATHS = NO;
				CLANG_CXX_LANGUAGE_STANDARD = "gnu++0x";
				CLANG_CXX_LIBRARY = "libc++";
				CLANG_ENABLE_MODULES = YES;
				CLANG_ENABLE_OBJC_ARC = YES;
				CLANG_WARN_BOOL_CONVERSION = YES;
				CLANG_WARN_CONSTANT_CONVERSION = YES;
				CLANG_WARN_DIRECT_OBJC_ISA_USAGE = YES_ERROR;
				CLANG_WARN_EMPTY_BODY = YES;
				CLANG_WARN_ENUM_CONVERSION = YES;
				CLANG_WARN_INT_CONVERSION = YES;
				CLANG_WARN_OBJC_ROOT_CLASS = YES_ERROR;
				CLANG_WARN_UNREACHABLE_CODE = YES;
				CLANG_WARN__DUPLICATE_METHOD_MATCH = YES;
				COPY_PHASE_STRIP = NO;
				DEBUG_INFORMATION_FORMAT = dwarf;
				ENABLE_STRICT_OBJC_MSGSEND = YES;
				GCC_C_LANGUAGE_STANDARD = gnu99;
				GCC_DYNAMIC_NO_PIC = NO;
				GCC_NO_COMMON_BLOCKS = YES;
				GCC_OPTIMIZATION_LEVEL = 0;
				GCC_PREPROCESSOR_DEFINITIONS = (
					"DEBUG=1",
					"$(inherited)",
				);
				GCC_SYMBOLS_PRIVATE_EXTERN = NO;
				GCC_WARN_64_TO_32_BIT_CONVERSION = YES;
				GCC_WARN_ABOUT_RETURN_TYPE = YES_ERROR;
				GCC_WARN_UNDECLARED_SELECTOR = YES;
				GCC_WARN_UNINITIALIZED_AUTOS = YES_AGGRESSIVE;
				GCC_WARN_UNUSED_FUNCTION = YES;
				GCC_WARN_UNUSED_VARIABLE = YES;
				MACOSX_DEPLOYMENT_TARGET = 10.10;
				MTL_ENABLE_DEBUG_INFO = YES;
				ONLY_ACTIVE_ARCH = YES;
				SDKROOT = macosx;
			};
			name = Debug;
		};
		657F6F9E1B802E42000A571E /* Release */ = {
			isa = XCBuildConfiguration;
			buildSettings = {
				ALWAYS_SEARCH_USER_PATHS = NO;
				CLANG_CXX_LANGUAGE_STANDARD = "gnu++0x";
				CLANG_CXX_LIBRARY = "libc++";
				CLANG_ENABLE_MODULES = YES;
				CLANG_ENABLE_OBJC_ARC = YES;
				CLANG_WARN_BOOL_CONVERSION = YES;
				CLANG_WARN_CONSTANT_CONVERSION = YES;
				CLANG_WARN_DIRECT_OBJC_ISA_USAGE = YES_ERROR;
				CLANG_WARN_EMPTY_BODY = YES;
				CLANG_WARN_ENUM_CONVERSION = YES;
				CLANG_WARN_INT_CONVERSION = YES;
				CLANG_WARN_OBJC_ROOT_CLASS = YES_ERROR;
				CLANG_WARN_UNREACHABLE_CODE = YES;
				CLANG_WARN__DUPLICATE_METHOD_MATCH = YES;
				COPY_PHASE_STRIP = NO;
				DEBUG_INFORMATION_FORMAT = "dwarf-with-dsym";
				ENABLE_NS_ASSERTIONS = NO;
				ENABLE_STRICT_OBJC_MSGSEND = YES;
				GCC_C_LANGUAGE_STANDARD = gnu99;
				GCC_NO_COMMON_BLOCKS = YES;
				GCC_WARN_64_TO_32_BIT_CONVERSION = YES;
				GCC_WARN_ABOUT_RETURN_TYPE = YES_ERROR;
				GCC_WARN_UNDECLARED_SELECTOR = YES;
				GCC_WARN_UNINITIALIZED_AUTOS = YES_AGGRESSIVE;
				GCC_WARN_UNUSED_FUNCTION = YES;
				GCC_WARN_UNUSED_VARIABLE = YES;
				MACOSX_DEPLOYMENT_TARGET = 10.10;
				MTL_ENABLE_DEBUG_INFO = NO;
				SDKROOT = macosx;
			};
			name = Release;
		};
		657F6FA01B802E42000A571E /* Debug */ = {
			isa = XCBuildConfiguration;
			buildSettings = {
				COMBINE_HIDPI_IMAGES = YES;
				INFOPLIST_FILE = plugin/Info.plist;
				PRODUCT_NAME = "$(TARGET_NAME)";
			};
			name = Debug;
		};
		657F6FA11B802E42000A571E /* Release */ = {
			isa = XCBuildConfiguration;
			buildSettings = {
				COMBINE_HIDPI_IMAGES = YES;
				INFOPLIST_FILE = plugin/Info.plist;
				PRODUCT_NAME = "$(TARGET_NAME)";
			};
			name = Release;
		};
/* End XCBuildConfiguration section */

/* Begin XCConfigurationList section */
		657F6F881B802E42000A571E /* Build configuration list for PBXProject "plugin" */ = {
			isa = XCConfigurationList;
			buildConfigurations = (
				657F6F9D1B802E42000A571E /* Debug */,
				657F6F9E1B802E42000A571E /* Release */,
			);
			defaultConfigurationIsVisible = 0;
			defaultConfigurationName = Release;
		};
		657F6F9F1B802E42000A571E /* Build configuration list for PBXNativeTarget "plugin" */ = {
			isa = XCConfigurationList;
			buildConfigurations = (
				657F6FA01B802E42000A571E /* Debug */,
				657F6FA11B802E42000A571E /* Release */,
			);
			defaultConfigurationIsVisible = 0;
		};
/* End XCConfigurationList section */
	};
	rootObject = 657F6F851B802E42000A571E /* Project object */;
}
